{
  "requires": true,
  "lockfileVersion": 1,
  "dependencies": {
    "bootstrap": {
      "version": "3.4.1",
      "resolved": "https://registry.npmjs.org/bootstrap/-/bootstrap-3.4.1.tgz",
      "integrity": "sha512-yN5oZVmRCwe5aKwzRj6736nSmKDX7pLYwsXiCj/EYmo16hODaBiT4En5btW/jhBF/seV+XMx3aYwukYC3A49DA=="
    },
    "e-ngx-pagination": {
      "version": "5.0.0",
      "resolved": "https://registry.npmjs.org/e-ngx-pagination/-/e-ngx-pagination-5.0.0.tgz",
      "integrity": "sha1-dxxGddkXjqNmCgHxTwG/htgSBRE=",
      "requires": {
        "bootstrap": "^3.3.7"
      }
    },
    "ngx-pagination": {
      "version": "5.0.0",
      "resolved": "https://registry.npmjs.org/ngx-pagination/-/ngx-pagination-5.0.0.tgz",
      "integrity": "sha512-Ur0pTWRe2ZXoJ8impEzo0IZKxY5aEcQfSmL5uBqW1rHI2J6nfzgZAHsSLagKHFGchXq0PkRlDVVMcIaNxYJwvQ=="
    }
  }
}
